
Microsoft Visual Studio Solution File, Format Version 12.00
# Visual Studio Version 16
VisualStudioVersion = 16.0.30011.22
MinimumVisualStudioVersion = 10.0.40219.1
Project("{FAE04EC0-301F-11D3-BF4B-00C04F79EFBC}") = "DapperDemo", "DapperDemo.csproj", "{B9C55D6C-06B4-466D-9A88-8A8B89BF4477}"
EndProject
Global
	GlobalSection(SolutionConfigurationPlatforms) = preSolution
		Debug|Any CPU = Debug|Any CPU
		Release|Any CPU = Release|Any CPU
	EndGlobalSection
	GlobalSection(ProjectConfigurationPlatforms) = postSolution
		{B9C55D6C-06B4-466D-9A88-8A8B89BF4477}.Debug|Any CPU.ActiveCfg = Debug|Any CPU
		{B9C55D6C-06B4-466D-9A88-8A8B89BF4477}.Debug|Any CPU.Build.0 = Debug|Any CPU
		{B9C55D6C-06B4-466D-9A88-8A8B89BF4477}.Release|Any CPU.ActiveCfg = Release|Any CPU
		{B9C55D6C-06B4-466D-9A88-8A8B89BF4477}.Release|Any CPU.Build.0 = Release|Any CPU
	EndGlobalSection
	GlobalSection(SolutionProperties) = preSolution
		HideSolutionNode = FALSE
	EndGlobalSection
	GlobalSection(ExtensibilityGlobals) = postSolution
		SolutionGuid = {5BC81B33-6095-4C32-AE54-7FCE6D02FBFC}
	EndGlobalSection
EndGlobal
